<?xml version="1.0" encoding="utf-8"?>
<Project ToolsVersion="4.0" xmlns="http://schemas.microsoft.com/developer/msbuild/2003">
  <ItemGroup>
    <Filter Include="源文件">
      <UniqueIdentifier>{4FC737F1-C7A5-4376-A066-2A32D752A2FF}</UniqueIdentifier>
      <Extensions>cpp;c;cc;cxx;def;odl;idl;hpj;bat;asm;asmx</Extensions>
    </Filter>
    <Filter Include="头文件">
      <UniqueIdentifier>{93995380-89BD-4b04-88EB-625FBE52EBFB}</UniqueIdentifier>
      <Extensions>h;hpp;hxx;hm;inl;inc;xsd</Extensions>
    </Filter>
    <Filter Include="资源文件">
      <UniqueIdentifier>{67DA6AB6-F800-4c08-8B7A-83BB121AAD01}</UniqueIdentifier>
      <Extensions>rc;ico;cur;bmp;dlg;rc2;rct;bin;rgs;gif;jpg;jpeg;jpe;resx;tiff;tif;png;wav;mfcribbon-ms</Extensions>
    </Filter>
  </ItemGroup>
  <ItemGroup>
    <None Include="ReadMe.txt" />
    <None Include="res\MT.rc2">
      <Filter>资源文件</Filter>
    </None>
    <None Include="res\MT.ico">
      <Filter>资源文件</Filter>
    </None>
    <None Include="C:\Users\bihai\Desktop\Resource\3.bmp">
      <Filter>资源文件</Filter>
    </None>
    <None Include="res\hINT.bmp">
      <Filter>资源文件</Filter>
    </None>
  </ItemGroup>
  <ItemGroup>
    <ClInclude Include="MT.h">
      <Filter>头文件</Filter>
    </ClInclude>
    <ClInclude Include="MTDlg.h">
      <Filter>头文件</Filter>
    </ClInclude>
    <ClInclude Include="stdafx.h">
      <Filter>头文件</Filter>
    </ClInclude>
    <ClInclude Include="targetver.h">
      <Filter>头文件</Filter>
    </ClInclude>
    <ClInclude Include="Resource.h">
      <Filter>头文件</Filter>
    </ClInclude>
    <ClInclude Include="CommonFun.h">
      <Filter>头文件</Filter>
    </ClInclude>
    <ClInclude Include="WifiTestDlg.h">
      <Filter>头文件</Filter>
    </ClInclude>
    <ClInclude Include="LedTestDlg.h">
      <Filter>头文件</Filter>
    </ClInclude>
    <ClInclude Include="MainBoardTestDlg.h">
      <Filter>头文件</Filter>
    </ClInclude>
    <ClInclude Include="StandardDlg.h">
      <Filter>头文件</Filter>
    </ClInclude>
    <ClInclude Include="SerialPortHelper.h">
      <Filter>头文件</Filter>
    </ClInclude>
    <ClInclude Include="ProtocolHelper.h">
      <Filter>头文件</Filter>
    </ClInclude>
    <ClInclude Include="UDP.h">
      <Filter>头文件</Filter>
    </ClInclude>
    <ClInclude Include="FileHelper.h">
      <Filter>头文件</Filter>
    </ClInclude>
    <ClInclude Include="MainDlg.h">
      <Filter>头文件</Filter>
    </ClInclude>
    <ClInclude Include="MT2Dlg.h">
      <Filter>头文件</Filter>
    </ClInclude>
    <ClInclude Include="Led2TestDlg.h">
      <Filter>头文件</Filter>
    </ClInclude>
    <ClInclude Include="Standard2Dlg.h">
      <Filter>头文件</Filter>
    </ClInclude>
    <ClInclude Include="Led3TestDlg.h">
      <Filter>头文件</Filter>
    </ClInclude>
    <ClInclude Include="MT3Dlg.h">
      <Filter>头文件</Filter>
    </ClInclude>
    <ClInclude Include="MT4Dlg.h">
      <Filter>头文件</Filter>
    </ClInclude>
    <ClInclude Include="Led4TestDlg.h">
      <Filter>头文件</Filter>
    </ClInclude>
    <ClInclude Include="HintDlg.h">
      <Filter>头文件</Filter>
    </ClInclude>
  </ItemGroup>
  <ItemGroup>
    <ClCompile Include="MT.cpp">
      <Filter>源文件</Filter>
    </ClCompile>
    <ClCompile Include="MTDlg.cpp">
      <Filter>源文件</Filter>
    </ClCompile>
    <ClCompile Include="stdafx.cpp">
      <Filter>源文件</Filter>
    </ClCompile>
    <ClCompile Include="CommonFun.cpp">
      <Filter>源文件</Filter>
    </ClCompile>
    <ClCompile Include="WifiTestDlg.cpp">
      <Filter>源文件</Filter>
    </ClCompile>
    <ClCompile Include="LedTestDlg.cpp">
      <Filter>源文件</Filter>
    </ClCompile>
    <ClCompile Include="MainBoardTestDlg.cpp">
      <Filter>源文件</Filter>
    </ClCompile>
    <ClCompile Include="StandardDlg.cpp">
      <Filter>源文件</Filter>
    </ClCompile>
    <ClCompile Include="SerialPortHelper.cpp">
      <Filter>源文件</Filter>
    </ClCompile>
    <ClCompile Include="ProtocolHelper.cpp">
      <Filter>源文件</Filter>
    </ClCompile>
    <ClCompile Include="UDP.cpp">
      <Filter>源文件</Filter>
    </ClCompile>
    <ClCompile Include="FileHelper.cpp">
      <Filter>源文件</Filter>
    </ClCompile>
    <ClCompile Include="MainDlg.cpp">
      <Filter>源文件</Filter>
    </ClCompile>
    <ClCompile Include="MT2Dlg.cpp">
      <Filter>源文件</Filter>
    </ClCompile>
    <ClCompile Include="Led2TestDlg.cpp">
      <Filter>源文件</Filter>
    </ClCompile>
    <ClCompile Include="Standard2Dlg.cpp">
      <Filter>源文件</Filter>
    </ClCompile>
    <ClCompile Include="Led3TestDlg.cpp">
      <Filter>源文件</Filter>
    </ClCompile>
    <ClCompile Include="MT3Dlg.cpp">
      <Filter>源文件</Filter>
    </ClCompile>
    <ClCompile Include="MT4Dlg.cpp">
      <Filter>源文件</Filter>
    </ClCompile>
    <ClCompile Include="Led4TestDlg.cpp">
      <Filter>源文件</Filter>
    </ClCompile>
    <ClCompile Include="HintDlg.cpp">
      <Filter>源文件</Filter>
    </ClCompile>
  </ItemGroup>
  <ItemGroup>
    <ResourceCompile Include="MT.rc">
      <Filter>资源文件</Filter>
    </ResourceCompile>
  </ItemGroup>
</Project>